
Microsoft Visual Studio Solution File, Format Version 12.00
# Visual Studio Version 17
VisualStudioVersion = 17.8.34330.188
MinimumVisualStudioVersion = 10.0.40219.1
Project("{FAE04EC0-301F-11D3-BF4B-00C04F79EFBC}") = "LernSpace", "LernSpace\LernSpace.csproj", "{362B3116-DAC2-4196-81E5-99D1F2817252}"
EndProject
Global
	GlobalSection(SolutionConfigurationPlatforms) = preSolution
		Debug|Any CPU = Debug|Any CPU
		Release|Any CPU = Release|Any CPU
	EndGlobalSection
	GlobalSection(ProjectConfigurationPlatforms) = postSolution
		{362B3116-DAC2-4196-81E5-99D1F2817252}.Debug|Any CPU.ActiveCfg = Debug|Any CPU
		{362B3116-DAC2-4196-81E5-99D1F2817252}.Debug|Any CPU.Build.0 = Debug|Any CPU
		{362B3116-DAC2-4196-81E5-99D1F2817252}.Release|Any CPU.ActiveCfg = Release|Any CPU
		{362B3116-DAC2-4196-81E5-99D1F2817252}.Release|Any CPU.Build.0 = Release|Any CPU
	EndGlobalSection
	GlobalSection(SolutionProperties) = preSolution
		HideSolutionNode = FALSE
	EndGlobalSection
	GlobalSection(ExtensibilityGlobals) = postSolution
		SolutionGuid = {5C6B846A-9E11-4958-93DA-10CCECE52592}
	EndGlobalSection
EndGlobal
